
Microsoft Visual Studio Solution File, Format Version 12.00
# Visual Studio 15
VisualStudioVersion = 15.0.28307.572
MinimumVisualStudioVersion = 10.0.40219.1
Project("{FAE04EC0-301F-11D3-BF4B-00C04F79EFBC}") = "DBF_TEST", "DBF_TEST\DBF_TEST.csproj", "{392091DD-45D7-4851-86F9-47781655E28F}"
EndProject
Global
	GlobalSection(SolutionConfigurationPlatforms) = preSolution
		Debug|Any CPU = Debug|Any CPU
		Release|Any CPU = Release|Any CPU
	EndGlobalSection
	GlobalSection(ProjectConfigurationPlatforms) = postSolution
		{392091DD-45D7-4851-86F9-47781655E28F}.Debug|Any CPU.ActiveCfg = Debug|Any CPU
		{392091DD-45D7-4851-86F9-47781655E28F}.Debug|Any CPU.Build.0 = Debug|Any CPU
		{392091DD-45D7-4851-86F9-47781655E28F}.Release|Any CPU.ActiveCfg = Release|Any CPU
		{392091DD-45D7-4851-86F9-47781655E28F}.Release|Any CPU.Build.0 = Release|Any CPU
	EndGlobalSection
	GlobalSection(SolutionProperties) = preSolution
		HideSolutionNode = FALSE
	EndGlobalSection
	GlobalSection(ExtensibilityGlobals) = postSolution
		SolutionGuid = {BF85A084-90F6-4361-95F3-5BD72A93685C}
	EndGlobalSection
EndGlobal
